
Microsoft Visual Studio Solution File, Format Version 12.00
# Visual Studio Version 17
VisualStudioVersion = 17.14.36310.24 d17.14
MinimumVisualStudioVersion = 10.0.40219.1
Project("{FAE04EC0-301F-11D3-BF4B-00C04F79EFBC}") = "AuthService", "AuthService.csproj", "{F9F0F828-7C07-427C-BD45-9C9DD5AB76FC}"
EndProject
Global
	GlobalSection(SolutionConfigurationPlatforms) = preSolution
		Debug|Any CPU = Debug|Any CPU
		Release|Any CPU = Release|Any CPU
	EndGlobalSection
	GlobalSection(ProjectConfigurationPlatforms) = postSolution
		{F9F0F828-7C07-427C-BD45-9C9DD5AB76FC}.Debug|Any CPU.ActiveCfg = Debug|Any CPU
		{F9F0F828-7C07-427C-BD45-9C9DD5AB76FC}.Debug|Any CPU.Build.0 = Debug|Any CPU
		{F9F0F828-7C07-427C-BD45-9C9DD5AB76FC}.Release|Any CPU.ActiveCfg = Release|Any CPU
		{F9F0F828-7C07-427C-BD45-9C9DD5AB76FC}.Release|Any CPU.Build.0 = Release|Any CPU
	EndGlobalSection
	GlobalSection(SolutionProperties) = preSolution
		HideSolutionNode = FALSE
	EndGlobalSection
	GlobalSection(ExtensibilityGlobals) = postSolution
		SolutionGuid = {2358A1EF-61C9-4477-A3AF-23C7F770CBE7}
	EndGlobalSection
EndGlobal
