
Microsoft Visual Studio Solution File, Format Version 12.00
# Visual Studio Version 17
VisualStudioVersion = 17.14.36301.6 d17.14
MinimumVisualStudioVersion = 10.0.40219.1
Project("{FAE04EC0-301F-11D3-BF4B-00C04F79EFBC}") = "ApiGateway", "ApiGateway.csproj", "{DC04751D-B6AC-48F1-A065-4F54681BC59A}"
EndProject
Global
	GlobalSection(SolutionConfigurationPlatforms) = preSolution
		Debug|Any CPU = Debug|Any CPU
		Release|Any CPU = Release|Any CPU
	EndGlobalSection
	GlobalSection(ProjectConfigurationPlatforms) = postSolution
		{DC04751D-B6AC-48F1-A065-4F54681BC59A}.Debug|Any CPU.ActiveCfg = Debug|Any CPU
		{DC04751D-B6AC-48F1-A065-4F54681BC59A}.Debug|Any CPU.Build.0 = Debug|Any CPU
		{DC04751D-B6AC-48F1-A065-4F54681BC59A}.Release|Any CPU.ActiveCfg = Release|Any CPU
		{DC04751D-B6AC-48F1-A065-4F54681BC59A}.Release|Any CPU.Build.0 = Release|Any CPU
	EndGlobalSection
	GlobalSection(SolutionProperties) = preSolution
		HideSolutionNode = FALSE
	EndGlobalSection
	GlobalSection(ExtensibilityGlobals) = postSolution
		SolutionGuid = {0134A178-1F1D-471F-9D7E-4CB7D5A37569}
	EndGlobalSection
EndGlobal
