%{
  "amqp": {:hex, :amqp, "4.1.0", "ab993d7a7adb41bc52fc084224441bad34ba04a6ff97fcd4a17f8281ed010ed1", [:mix], [{:amqp_client, "~> 4.0", [hex: :amqp_client, repo: "hexpm", optional: false]}], "hexpm", "360559cb5a4c4a920806a8c281d0418db3a625ce730008c8460749dd9b1cf838"},
  "amqp_client": {:hex, :amqp_client, "4.2.1", "cff0cc13186e57457dc5745f1b3a4127c6857717cb8f5920dc457c84d0ad00a2", [:make, :rebar3], [{:credentials_obfuscation, "3.5.0", [hex: :credentials_obfuscation, repo: "hexpm", optional: false]}, {:rabbit_common, "4.2.1", [hex: :rabbit_common, repo: "hexpm", optional: false]}], "hexpm", "8ae00b055a58500e0557f73d9c0ffe257487131e603f7f84fe72cbfaaf03838a"},
  "broadway": {:hex, :broadway, "1.2.1", "83a1567423c26885e15f6cd8670ca790370af2fcff2ede7fa88c5ea793087a67", [:mix], [{:gen_stage, "~> 1.0", [hex: :gen_stage, repo: "hexpm", optional: false]}, {:nimble_options, "~> 0.3.7 or ~> 0.4 or ~> 1.0", [hex: :nimble_options, repo: "hexpm", optional: false]}, {:telemetry, "~> 0.4.3 or ~> 1.0", [hex: :telemetry, repo: "hexpm", optional: false]}], "hexpm", "68ae63d83b55bdca0f95cd49feee5fb74c5a6bec557caf940860fe07dbc8a4fb"},
  "broadway_rabbitmq": {:hex, :broadway_rabbitmq, "0.8.2", "087e2fb0ea2fe6fd941246be6985eccda93ea601bf678c3e8bd5d2a830acb058", [:mix], [{:amqp, "~> 1.3 or ~> 2.0 or ~> 3.0 or ~> 4.0", [hex: :amqp, repo: "hexpm", optional: false]}, {:broadway, "~> 1.0", [hex: :broadway, repo: "hexpm", optional: false]}, {:nimble_options, "~> 0.3.5 or ~> 0.4.0 or ~> 1.0", [hex: :nimble_options, repo: "hexpm", optional: false]}, {:telemetry, "~> 0.4.3 or ~> 1.0", [hex: :telemetry, repo: "hexpm", optional: false]}], "hexpm", "762cf2fa7c20027c20ebaf1708570c2101c78824237eb2ab7e3f1158e4003a5a"},
  "certifi": {:hex, :certifi, "2.15.0", "0e6e882fcdaaa0a5a9f2b3db55b1394dba07e8d6d9bcad08318fb604c6839712", [:rebar3], [], "hexpm", "b147ed22ce71d72eafdad94f055165c1c182f61a2ff49df28bcc71d1d5b94a60"},
  "cowboy": {:hex, :cowboy, "2.14.2", "4008be1df6ade45e4f2a4e9e2d22b36d0b5aba4e20b0a0d7049e28d124e34847", [:make, :rebar3], [{:cowlib, ">= 2.16.0 and < 3.0.0", [hex: :cowlib, repo: "hexpm", optional: false]}, {:ranch, ">= 1.8.0 and < 3.0.0", [hex: :ranch, repo: "hexpm", optional: false]}], "hexpm", "569081da046e7b41b5df36aa359be71a0c8874e5b9cff6f747073fc57baf1ab9"},
  "cowboy_telemetry": {:hex, :cowboy_telemetry, "0.4.0", "f239f68b588efa7707abce16a84d0d2acf3a0f50571f8bb7f56a15865aae820c", [:rebar3], [{:cowboy, "~> 2.7", [hex: :cowboy, repo: "hexpm", optional: false]}, {:telemetry, "~> 1.0", [hex: :telemetry, repo: "hexpm", optional: false]}], "hexpm", "7d98bac1ee4565d31b62d59f8823dfd8356a169e7fcbb83831b8a5397404c9de"},
  "cowlib": {:hex, :cowlib, "2.16.0", "54592074ebbbb92ee4746c8a8846e5605052f29309d3a873468d76cdf932076f", [:make, :rebar3], [], "hexpm", "7f478d80d66b747344f0ea7708c187645cfcc08b11aa424632f78e25bf05db51"},
  "credentials_obfuscation": {:hex, :credentials_obfuscation, "3.5.0", "61e282adfb4439486b3994faaec69543c7ee6cc7e70c6340e8853fd9deaf8219", [:rebar3], [], "hexpm", "843adbe3246861ce0f1a0fa3222f384834eb31defd8d6b9cba7afd2977c957bc"},
  "gen_stage": {:hex, :gen_stage, "1.3.2", "7c77e5d1e97de2c6c2f78f306f463bca64bf2f4c3cdd606affc0100b89743b7b", [:mix], [], "hexpm", "0ffae547fa777b3ed889a6b9e1e64566217413d018cabd825f786e843ffe63e7"},
  "hackney": {:hex, :hackney, "1.25.0", "390e9b83f31e5b325b9f43b76e1a785cbdb69b5b6cd4e079aa67835ded046867", [:rebar3], [{:certifi, "~> 2.15.0", [hex: :certifi, repo: "hexpm", optional: false]}, {:idna, "~> 6.1.0", [hex: :idna, repo: "hexpm", optional: false]}, {:metrics, "~> 1.0.0", [hex: :metrics, repo: "hexpm", optional: false]}, {:mimerl, "~> 1.4", [hex: :mimerl, repo: "hexpm", optional: false]}, {:parse_trans, "3.4.1", [hex: :parse_trans, repo: "hexpm", optional: false]}, {:ssl_verify_fun, "~> 1.1.0", [hex: :ssl_verify_fun, repo: "hexpm", optional: false]}, {:unicode_util_compat, "~> 0.7.1", [hex: :unicode_util_compat, repo: "hexpm", optional: false]}], "hexpm", "7209bfd75fd1f42467211ff8f59ea74d6f2a9e81cbcee95a56711ee79fd6b1d4"},
  "idna": {:hex, :idna, "6.1.1", "8a63070e9f7d0c62eb9d9fcb360a7de382448200fbbd1b106cc96d3d8099df8d", [:rebar3], [{:unicode_util_compat, "~> 0.7.0", [hex: :unicode_util_compat, repo: "hexpm", optional: false]}], "hexpm", "92376eb7894412ed19ac475e4a86f7b413c1b9fbb5bd16dccd57934157944cea"},
  "jason": {:hex, :jason, "1.4.4", "b9226785a9aa77b6857ca22832cffa5d5011a667207eb2a0ad56adb5db443b8a", [:mix], [{:decimal, "~> 1.0 or ~> 2.0", [hex: :decimal, repo: "hexpm", optional: true]}], "hexpm", "c5eb0cab91f094599f94d55bc63409236a8ec69a21a67814529e8d5f6cc90b3b"},
  "joken": {:hex, :joken, "2.6.2", "5daaf82259ca603af4f0b065475099ada1b2b849ff140ccd37f4b6828ca6892a", [:mix], [{:jose, "~> 1.11.10", [hex: :jose, repo: "hexpm", optional: false]}], "hexpm", "5134b5b0a6e37494e46dbf9e4dad53808e5e787904b7c73972651b51cce3d72b"},
  "joken_jwks": {:hex, :joken_jwks, "1.7.0", "5db750732dddbfb51068c16da6e43439ad8a3932020bdd505e944dd918ec0771", [:mix], [{:hackney, "~> 1.18", [hex: :hackney, repo: "hexpm", optional: true]}, {:jason, "~> 1.4", [hex: :jason, repo: "hexpm", optional: false]}, {:joken, "~> 2.6", [hex: :joken, repo: "hexpm", optional: false]}, {:telemetry, "~> 0.4.2 or ~> 1.0", [hex: :telemetry, repo: "hexpm", optional: false]}, {:tesla, "~> 1.4", [hex: :tesla, repo: "hexpm", optional: false]}], "hexpm", "c1dd2d5161f079f660bda773c338d3ff2b90bb79673a0852becc0433416797d3"},
  "jose": {:hex, :jose, "1.11.12", "06e62b467b61d3726cbc19e9b5489f7549c37993de846dfb3ee8259f9ed208b3", [:mix, :rebar3], [], "hexpm", "31e92b653e9210b696765cdd885437457de1add2a9011d92f8cf63e4641bab7b"},
  "metrics": {:hex, :metrics, "1.0.1", "25f094dea2cda98213cecc3aeff09e940299d950904393b2a29d191c346a8486", [:rebar3], [], "hexpm", "69b09adddc4f74a40716ae54d140f93beb0fb8978d8636eaded0c31b6f099f16"},
  "mime": {:hex, :mime, "2.0.7", "b8d739037be7cd402aee1ba0306edfdef982687ee7e9859bee6198c1e7e2f128", [:mix], [], "hexpm", "6171188e399ee16023ffc5b76ce445eb6d9672e2e241d2df6050f3c771e80ccd"},
  "mimerl": {:hex, :mimerl, "1.4.0", "3882a5ca67fbbe7117ba8947f27643557adec38fa2307490c4c4207624cb213b", [:rebar3], [], "hexpm", "13af15f9f68c65884ecca3a3891d50a7b57d82152792f3e19d88650aa126b144"},
  "nimble_options": {:hex, :nimble_options, "1.1.1", "e3a492d54d85fc3fd7c5baf411d9d2852922f66e69476317787a7b2bb000a61b", [:mix], [], "hexpm", "821b2470ca9442c4b6984882fe9bb0389371b8ddec4d45a9504f00a66f650b44"},
  "parse_trans": {:hex, :parse_trans, "3.4.1", "6e6aa8167cb44cc8f39441d05193be6e6f4e7c2946cb2759f015f8c56b76e5ff", [:rebar3], [], "hexpm", "620a406ce75dada827b82e453c19cf06776be266f5a67cff34e1ef2cbb60e49a"},
  "plug": {:hex, :plug, "1.19.1", "09bac17ae7a001a68ae393658aa23c7e38782be5c5c00c80be82901262c394c0", [:mix], [{:mime, "~> 1.0 or ~> 2.0", [hex: :mime, repo: "hexpm", optional: false]}, {:plug_crypto, "~> 1.1.1 or ~> 1.2 or ~> 2.0", [hex: :plug_crypto, repo: "hexpm", optional: false]}, {:telemetry, "~> 0.4.3 or ~> 1.0", [hex: :telemetry, repo: "hexpm", optional: false]}], "hexpm", "560a0017a8f6d5d30146916862aaf9300b7280063651dd7e532b8be168511e62"},
  "plug_cowboy": {:hex, :plug_cowboy, "2.7.5", "261f21b67aea8162239b2d6d3b4c31efde4daa22a20d80b19c2c0f21b34b270e", [:mix], [{:cowboy, "~> 2.7", [hex: :cowboy, repo: "hexpm", optional: false]}, {:cowboy_telemetry, "~> 0.3", [hex: :cowboy_telemetry, repo: "hexpm", optional: false]}, {:plug, "~> 1.14", [hex: :plug, repo: "hexpm", optional: false]}], "hexpm", "20884bf58a90ff5a5663420f5d2c368e9e15ed1ad5e911daf0916ea3c57f77ac"},
  "plug_crypto": {:hex, :plug_crypto, "2.1.1", "19bda8184399cb24afa10be734f84a16ea0a2bc65054e23a62bb10f06bc89491", [:mix], [], "hexpm", "6470bce6ffe41c8bd497612ffde1a7e4af67f36a15eea5f921af71cf3e11247c"},
  "rabbit_common": {:hex, :rabbit_common, "4.2.1", "1d64e391e12116b76b1425eb96b7552de51f0301093eba669b5334f4759cc1e8", [:make, :rebar3], [{:credentials_obfuscation, "3.5.0", [hex: :credentials_obfuscation, repo: "hexpm", optional: false]}, {:ranch, "2.2.0", [hex: :ranch, repo: "hexpm", optional: false]}, {:recon, "2.5.6", [hex: :recon, repo: "hexpm", optional: false]}, {:thoas, "1.2.1", [hex: :thoas, repo: "hexpm", optional: false]}], "hexpm", "ff509b07e639b1784898c28031e5204fea14260172e4fc339f94405586037e40"},
  "ranch": {:hex, :ranch, "2.2.0", "25528f82bc8d7c6152c57666ca99ec716510fe0925cb188172f41ce93117b1b0", [:make, :rebar3], [], "hexpm", "fa0b99a1780c80218a4197a59ea8d3bdae32fbff7e88527d7d8a4787eff4f8e7"},
  "recon": {:hex, :recon, "2.5.6", "9052588e83bfedfd9b72e1034532aee2a5369d9d9343b61aeb7fbce761010741", [:mix, :rebar3], [], "hexpm", "96c6799792d735cc0f0fd0f86267e9d351e63339cbe03df9d162010cefc26bb0"},
  "ssl_verify_fun": {:hex, :ssl_verify_fun, "1.1.7", "354c321cf377240c7b8716899e182ce4890c5938111a1296add3ec74cf1715df", [:make, :mix, :rebar3], [], "hexpm", "fe4c190e8f37401d30167c8c405eda19469f34577987c76dde613e838bbc67f8"},
  "telemetry": {:hex, :telemetry, "1.3.0", "fedebbae410d715cf8e7062c96a1ef32ec22e764197f70cda73d82778d61e7a2", [:rebar3], [], "hexpm", "7015fc8919dbe63764f4b4b87a95b7c0996bd539e0d499be6ec9d7f3875b79e6"},
  "tesla": {:hex, :tesla, "1.15.3", "3a2b5c37f09629b8dcf5d028fbafc9143c0099753559d7fe567eaabfbd9b8663", [:mix], [{:castore, "~> 0.1 or ~> 1.0", [hex: :castore, repo: "hexpm", optional: true]}, {:exjsx, ">= 3.0.0", [hex: :exjsx, repo: "hexpm", optional: true]}, {:finch, "~> 0.13", [hex: :finch, repo: "hexpm", optional: true]}, {:fuse, "~> 2.4", [hex: :fuse, repo: "hexpm", optional: true]}, {:gun, ">= 1.0.0", [hex: :gun, repo: "hexpm", optional: true]}, {:hackney, "~> 1.21", [hex: :hackney, repo: "hexpm", optional: true]}, {:ibrowse, "4.4.2", [hex: :ibrowse, repo: "hexpm", optional: true]}, {:jason, ">= 1.0.0", [hex: :jason, repo: "hexpm", optional: true]}, {:mime, "~> 1.0 or ~> 2.0", [hex: :mime, repo: "hexpm", optional: false]}, {:mint, "~> 1.0", [hex: :mint, repo: "hexpm", optional: true]}, {:mox, "~> 1.0", [hex: :mox, repo: "hexpm", optional: true]}, {:msgpax, "~> 2.3", [hex: :msgpax, repo: "hexpm", optional: true]}, {:poison, ">= 1.0.0", [hex: :poison, repo: "hexpm", optional: true]}, {:telemetry, "~> 0.4 or ~> 1.0", [hex: :telemetry, repo: "hexpm", optional: true]}], "hexpm", "98bb3d4558abc67b92fb7be4cd31bb57ca8d80792de26870d362974b58caeda7"},
  "thoas": {:hex, :thoas, "1.2.1", "19a25f31177a17e74004d4840f66d791d4298c5738790fa2cc73731eb911f195", [:rebar3], [], "hexpm", "e38697edffd6e91bd12cea41b155115282630075c2a727e7a6b2947f5408b86a"},
  "unicode_util_compat": {:hex, :unicode_util_compat, "0.7.1", "a48703a25c170eedadca83b11e88985af08d35f37c6f664d6dcfb106a97782fc", [:rebar3], [], "hexpm", "b3a917854ce3ae233619744ad1e0102e05673136776fb2fa76234f3e03b23642"},
}
